
Microsoft Visual Studio Solution File, Format Version 12.00
# Visual Studio Version 17
VisualStudioVersion = 17.6.33815.320
MinimumVisualStudioVersion = 10.0.40219.1
Project("{FAE04EC0-301F-11D3-BF4B-00C04F79EFBC}") = "Bai13_tinhcanchi", "Bai13_tinhcanchi.csproj", "{76112758-4356-44B1-847D-06EB52E7E1DD}"
EndProject
Global
	GlobalSection(SolutionConfigurationPlatforms) = preSolution
		Debug|Any CPU = Debug|Any CPU
		Release|Any CPU = Release|Any CPU
	EndGlobalSection
	GlobalSection(ProjectConfigurationPlatforms) = postSolution
		{76112758-4356-44B1-847D-06EB52E7E1DD}.Debug|Any CPU.ActiveCfg = Debug|Any CPU
		{76112758-4356-44B1-847D-06EB52E7E1DD}.Debug|Any CPU.Build.0 = Debug|Any CPU
		{76112758-4356-44B1-847D-06EB52E7E1DD}.Release|Any CPU.ActiveCfg = Release|Any CPU
		{76112758-4356-44B1-847D-06EB52E7E1DD}.Release|Any CPU.Build.0 = Release|Any CPU
	EndGlobalSection
	GlobalSection(SolutionProperties) = preSolution
		HideSolutionNode = FALSE
	EndGlobalSection
	GlobalSection(ExtensibilityGlobals) = postSolution
		SolutionGuid = {A73C900E-AFC2-4E5B-B3B8-D88C853DACD4}
	EndGlobalSection
EndGlobal
